// !$*UTF8*$!
{
	archiveVersion = 1;
	classes = {
	};
	objectVersion = 46;
	objects = {
/* Begin PBXBuildFile section */
		0207DA581B56EA530066E2B4 /* Images.xcassets in Resources */ = {isa = PBXBuildFile; fileRef = 0207DA571B56EA530066E2B4 /* Images.xcassets */; };
		1D3623260D0F684500981E51 /* AppDelegate.m in Sources */ = {isa = PBXBuildFile; fileRef = 1D3623250D0F684500981E51 /* AppDelegate.m */; };
		1D60589B0D05DD56006BFB54 /* main.m in Sources */ = {isa = PBXBuildFile; fileRef = 29B97316FDCFA39411CA2CEA /* main.m */; };
		301BF552109A68D80062928A /* libCordova.a in Frameworks */ = {isa = PBXBuildFile; fileRef = 301BF535109A57CC0062928A /* libCordova.a */; };
		302D95F114D2391D003F00A1 /* MainViewController.m in Sources */ = {isa = PBXBuildFile; fileRef = 302D95EF14D2391D003F00A1 /* MainViewController.m */; };
		302D95F214D2391D003F00A1 /* MainViewController.xib in Resources */ = {isa = PBXBuildFile; fileRef = 302D95F014D2391D003F00A1 /* MainViewController.xib */; };
		3047A5121AB8059700498E2A /* build-debug.xcconfig in Resources */ = {isa = PBXBuildFile; fileRef = 3047A50F1AB8059700498E2A /* build-debug.xcconfig */; };
		3047A5131AB8059700498E2A /* build-release.xcconfig in Resources */ = {isa = PBXBuildFile; fileRef = 3047A5101AB8059700498E2A /* build-release.xcconfig */; };
		3047A5141AB8059700498E2A /* build.xcconfig in Resources */ = {isa = PBXBuildFile; fileRef = 3047A5111AB8059700498E2A /* build.xcconfig */; };
		6AFF5BF91D6E424B00AB3073 /* CDVLaunchScreen.storyboard in Resources */ = {isa = PBXBuildFile; fileRef = 6AFF5BF81D6E424B00AB3073 /* CDVLaunchScreen.storyboard */; };
		3F469B892EE54EAF96F94623 /* Launcher.m in Sources */ = {isa = PBXBuildFile; fileRef = 9992872AEBC045F1A1434B9B /* Launcher.m */; };
		EE42DBDF28204079B51502B2 /* CDVFile.m in Sources */ = {isa = PBXBuildFile; fileRef = 26D8217CF40B4D9AB5FA8E13 /* CDVFile.m */; };
		CD29DBCAF32741B5BFF6094A /* CDVLocalFilesystem.m in Sources */ = {isa = PBXBuildFile; fileRef = ED2B457EC14940908539E50C /* CDVLocalFilesystem.m */; };
		9A3221EA361D4669B9CC9DA4 /* CDVAssetLibraryFilesystem.m in Sources */ = {isa = PBXBuildFile; fileRef = 4BEE3154199C41E2AD68C954 /* CDVAssetLibraryFilesystem.m */; };
		1CC15D8DA2DE4A79ADD3027E /* CDVLocation.m in Sources */ = {isa = PBXBuildFile; fileRef = 5D2607262C574D5E991AE3A2 /* CDVLocation.m */; };
		C5F4183237B7417F985D2FD8 /* CoreLocation.framework in Frameworks */ = {isa = PBXBuildFile; fileRef = 3CC290B551C54F53A49BADA7 /* CoreLocation.framework */; };
		0804ADE8AED1411BA6527028 /* CDVInAppBrowser.m in Sources */ = {isa = PBXBuildFile; fileRef = 8D04776E5B0848ED9E0BD200 /* CDVInAppBrowser.m */; };
		14B8CBFED54C4A65B44E9747 /* RequestLocationAccuracy.m in Sources */ = {isa = PBXBuildFile; fileRef = 9DBEB4B64E644B678285B730 /* RequestLocationAccuracy.m */; };
		BE8D12D187C444258289B219 /* Diagnostic.m in Sources */ = {isa = PBXBuildFile; fileRef = FD4F4FE23B414F03AB7D6150 /* Diagnostic.m */; };
		D5CD9FBC9F69406CBD5277C9 /* Diagnostic_Location.m in Sources */ = {isa = PBXBuildFile; fileRef = 21D14B4B3851461EACA3AA27 /* Diagnostic_Location.m */; };
		D1C31CB024F245C4A4AD1835 /* Diagnostic_Bluetooth.m in Sources */ = {isa = PBXBuildFile; fileRef = 5A3156A68B0F4CBBA6E77CF6 /* Diagnostic_Bluetooth.m */; };
		7CAF9A5A676F4F37847BE822 /* Diagnostic_Wifi.m in Sources */ = {isa = PBXBuildFile; fileRef = 31457F81EC5241098437622B /* Diagnostic_Wifi.m */; };
		D5CDD38AB2444366A367EFB0 /* Diagnostic_Camera.m in Sources */ = {isa = PBXBuildFile; fileRef = F9F5D2D69EB148ABB9A0BF2D /* Diagnostic_Camera.m */; };
		483AD942FAC542E1BC179160 /* Diagnostic_Notifications.m in Sources */ = {isa = PBXBuildFile; fileRef = D2CA57338B8E46DAAEE28079 /* Diagnostic_Notifications.m */; };
		56786794954F4D79AE35359B /* Diagnostic_Microphone.m in Sources */ = {isa = PBXBuildFile; fileRef = 5E002B58F8C4496A8CB0058C /* Diagnostic_Microphone.m */; };
		1FA3D40BE07E48A482709803 /* Diagnostic_Contacts.m in Sources */ = {isa = PBXBuildFile; fileRef = 27A7905EEAE645719CFA0B02 /* Diagnostic_Contacts.m */; };
		4AA54870F5AC44E3956377AF /* Diagnostic_Calendar.m in Sources */ = {isa = PBXBuildFile; fileRef = B3B25EF6C517431395AFD46E /* Diagnostic_Calendar.m */; };
		1409A6DB38E7498B9BCF2A4F /* Diagnostic_Reminders.m in Sources */ = {isa = PBXBuildFile; fileRef = 793844DAF6BA44778A205B7A /* Diagnostic_Reminders.m */; };
		40EA5F33FEFA4E5B82FE217F /* Diagnostic_Motion.m in Sources */ = {isa = PBXBuildFile; fileRef = 2BD41A7858B345A2BA1D5E1C /* Diagnostic_Motion.m */; };
		13A8480237384D5C938DAB5F /* CoreBluetooth.framework in Frameworks */ = {isa = PBXBuildFile; fileRef = 37DD8B91D22948DE83F097E4 /* CoreBluetooth.framework */; };
		70ED6DE919CF441083E84B99 /* Photos.framework in Frameworks */ = {isa = PBXBuildFile; fileRef = 62E2722AE0B9483BB5652110 /* Photos.framework */; };
		A6B662EC14A74864BAF9E083 /* AVFoundation.framework in Frameworks */ = {isa = PBXBuildFile; fileRef = DD2D0E54FB8A4DA1A20B3285 /* AVFoundation.framework */; };
		0076DB8989184C318384D440 /* UserNotifications.framework in Frameworks */ = {isa = PBXBuildFile; fileRef = B4DA4B6AED464A638BF8F119 /* UserNotifications.framework */; };
		2B76DA7FA26346C3871A0502 /* Contacts.framework in Frameworks */ = {isa = PBXBuildFile; fileRef = 0DAC6DDF23734993BC2038CB /* Contacts.framework */; };
		C23DBA42B3434DDAB1035AD9 /* AddressBook.framework in Frameworks */ = {isa = PBXBuildFile; fileRef = 904B32DE99014EFC96F059EC /* AddressBook.framework */; };
		2A4BA7EDDB2F475FB4440EEE /* EventKit.framework in Frameworks */ = {isa = PBXBuildFile; fileRef = F4D2B69C33D54A6DA490B25B /* EventKit.framework */; };
		DC92399BF1E84C789481CA4A /* CoreMotion.framework in Frameworks */ = {isa = PBXBuildFile; fileRef = 371AEFF71ED44CB2AA8204F8 /* CoreMotion.framework */; };
		E91A589B5DD042B7901F5AF1 /* DatePicker.m in Sources */ = {isa = PBXBuildFile; fileRef = D4AC1B23ECEF45789FEC4771 /* DatePicker.m */; };
		2CC149FD469041B0B5477B2E /* DatePicker.xib in Resources */ = {isa = PBXBuildFile; fileRef = 602C887EFE0A4123BCF42D8B /* DatePicker.xib */; };
		2F8F73688ABD4BE99112FBD1 /* CDVDevice.m in Sources */ = {isa = PBXBuildFile; fileRef = 7FA5C5642CFC43B199EA191E /* CDVDevice.m */; };
		89CC30EFAEF849DF9035C135 /* APPBadge.m in Sources */ = {isa = PBXBuildFile; fileRef = 4786128E596D4DEB97710D36 /* APPBadge.m */; };
		6CAE964CC5244BE08FFA0612 /* APPLocalNotification.m in Sources */ = {isa = PBXBuildFile; fileRef = 9D68D572532F4ADFA487856F /* APPLocalNotification.m */; };
		0C503F892D6140F2A9D38FD8 /* APPNotificationContent.m in Sources */ = {isa = PBXBuildFile; fileRef = C38645B7A35840249658F064 /* APPNotificationContent.m */; };
		1BFAB0ED7F8C49D8B2F966CF /* APPNotificationOptions.m in Sources */ = {isa = PBXBuildFile; fileRef = E6D5400290B54170A50E4E01 /* APPNotificationOptions.m */; };
		2194D95E50AB4C33B6F4A93E /* UNUserNotificationCenter+APPLocalNotification.m in Sources */ = {isa = PBXBuildFile; fileRef = D89EF941E1C0425DB8B3E67A /* UNUserNotificationCenter+APPLocalNotification.m */; };
		DC605CE9E83648DAA384E68F /* UNNotificationRequest+APPLocalNotification.m in Sources */ = {isa = PBXBuildFile; fileRef = 675BD58C60C6438F92D63584 /* UNNotificationRequest+APPLocalNotification.m */; };
		89A7A713B9554E3696F00E23 /* AppCenterShared.m in Sources */ = {isa = PBXBuildFile; fileRef = 3F559205A5E44A6F97E454BA /* AppCenterShared.m */; };
		7243052FCC1C4CE2963322A6 /* AppCenterSharedPlugin.m in Sources */ = {isa = PBXBuildFile; fileRef = D32AC651D1044F1686C8D72B /* AppCenterSharedPlugin.m */; };
		3F302B88481543B498F62DC5 /* AppCenterAnalyticsPlugin.m in Sources */ = {isa = PBXBuildFile; fileRef = B39F0703A6BB4CF6B8BB06F5 /* AppCenterAnalyticsPlugin.m */; };
		348D3D3B319340C7992D89E9 /* AppCenterCrashesPlugin.m in Sources */ = {isa = PBXBuildFile; fileRef = 26481FC9DACB41D6B921CAE5 /* AppCenterCrashesPlugin.m */; };
		41C73048850D448A8126C74D /* CordovaCrashesDelegate.m in Sources */ = {isa = PBXBuildFile; fileRef = 2E17B98B0B0549F3BDFDB87B /* CordovaCrashesDelegate.m */; };
		B7DB7E1126A3411D91FA7353 /* CrashesUtils.m in Sources */ = {isa = PBXBuildFile; fileRef = 1D61F4E2FD6A42099A646BFC /* CrashesUtils.m */; };
/* End PBXBuildFile section */

/* Begin PBXContainerItemProxy section */
		301BF534109A57CC0062928A /* PBXContainerItemProxy */ = {
			isa = PBXContainerItemProxy;
			containerPortal = 301BF52D109A57CC0062928A /* CordovaLib.xcodeproj */;
			proxyType = 2;
			remoteGlobalIDString = D2AAC07E0554694100DB518D;
			remoteInfo = CordovaLib;
		};
		301BF550109A68C00062928A /* PBXContainerItemProxy */ = {
			isa = PBXContainerItemProxy;
			containerPortal = 301BF52D109A57CC0062928A /* CordovaLib.xcodeproj */;
			proxyType = 1;
			remoteGlobalIDString = D2AAC07D0554694100DB518D;
			remoteInfo = CordovaLib;
		};
/* End PBXContainerItemProxy section */

/* Begin PBXFileReference section */
		0207DA571B56EA530066E2B4 /* Images.xcassets */ = {isa = PBXFileReference; lastKnownFileType = folder.assetcatalog; name = Images.xcassets; path = "Closer/Images.xcassets"; sourceTree = SOURCE_ROOT; };
		1D3623240D0F684500981E51 /* AppDelegate.h */ = {isa = PBXFileReference; fileEncoding = 4; lastKnownFileType = sourcecode.c.h; path = AppDelegate.h; sourceTree = "<group>"; };
		1D3623250D0F684500981E51 /* AppDelegate.m */ = {isa = PBXFileReference; fileEncoding = 4; lastKnownFileType = sourcecode.c.objc; path = AppDelegate.m; sourceTree = "<group>"; };
		1D6058910D05DD3D006BFB54 /* Closer.app */ = {isa = PBXFileReference; explicitFileType = wrapper.application; includeInIndex = 0; path = "Closer.app"; sourceTree = BUILT_PRODUCTS_DIR; };
		29B97316FDCFA39411CA2CEA /* main.m */ = {isa = PBXFileReference; fileEncoding = 4; lastKnownFileType = sourcecode.c.objc; path = main.m; sourceTree = "<group>"; };
		301BF52D109A57CC0062928A /* CordovaLib.xcodeproj */ = {isa = PBXFileReference; lastKnownFileType = "wrapper.pb-project"; path = CordovaLib/CordovaLib.xcodeproj; sourceTree = "<group>"; };
		301BF56E109A69640062928A /* www */ = {isa = PBXFileReference; lastKnownFileType = folder; path = www; sourceTree = SOURCE_ROOT; };
		302D95EE14D2391D003F00A1 /* MainViewController.h */ = {isa = PBXFileReference; fileEncoding = 4; lastKnownFileType = sourcecode.c.h; path = MainViewController.h; sourceTree = "<group>"; };
		302D95EF14D2391D003F00A1 /* MainViewController.m */ = {isa = PBXFileReference; fileEncoding = 4; lastKnownFileType = sourcecode.c.objc; path = MainViewController.m; sourceTree = "<group>"; };
		302D95F014D2391D003F00A1 /* MainViewController.xib */ = {isa = PBXFileReference; fileEncoding = 4; lastKnownFileType = file.xib; path = MainViewController.xib; sourceTree = "<group>"; };
		3047A50F1AB8059700498E2A /* build-debug.xcconfig */ = {isa = PBXFileReference; fileEncoding = 4; lastKnownFileType = text.xcconfig; name = "build-debug.xcconfig"; path = cordova/build-debug.xcconfig; sourceTree = SOURCE_ROOT; };
		3047A5101AB8059700498E2A /* build-release.xcconfig */ = {isa = PBXFileReference; fileEncoding = 4; lastKnownFileType = text.xcconfig; name = "build-release.xcconfig"; path = cordova/build-release.xcconfig; sourceTree = SOURCE_ROOT; };
		3047A5111AB8059700498E2A /* build.xcconfig */ = {isa = PBXFileReference; fileEncoding = 4; lastKnownFileType = text.xcconfig; name = build.xcconfig; path = cordova/build.xcconfig; sourceTree = SOURCE_ROOT; };
		32CA4F630368D1EE00C91783 /* Closer-Prefix.pch */ = {isa = PBXFileReference; fileEncoding = 4; lastKnownFileType = sourcecode.c.h; path = "Closer-Prefix.pch"; sourceTree = "<group>"; };
		6AFF5BF81D6E424B00AB3073 /* CDVLaunchScreen.storyboard */ = {isa = PBXFileReference; fileEncoding = 4; lastKnownFileType = file.storyboard; name = CDVLaunchScreen.storyboard; path = "Closer/CDVLaunchScreen.storyboard"; sourceTree = SOURCE_ROOT; };
		8D1107310486CEB800E47090 /* Closer-Info.plist */ = {isa = PBXFileReference; fileEncoding = 4; lastKnownFileType = text.plist.xml; name = "Closer-Info.plist"; path = "Closer/Closer-Info.plist"; plistStructureDefinitionIdentifier = "com.apple.xcode.plist.structure-definition.iphone.info-plist"; sourceTree = SOURCE_ROOT; };
		EB87FDF31871DA8E0020F90C /* www */ = {isa = PBXFileReference; lastKnownFileType = folder; name = www; path = ../../www; sourceTree = "<group>"; };
		EB87FDF41871DAF40020F90C /* config.xml */ = {isa = PBXFileReference; lastKnownFileType = text.xml; name = config.xml; path = ../../config.xml; sourceTree = "<group>"; };
		F840E1F0165FE0F500CFE078 /* config.xml */ = {isa = PBXFileReference; lastKnownFileType = text.xml; name = config.xml; path = "Closer/config.xml"; sourceTree = "<group>"; };
		ED33DF2A687741AEAF9F8254 /* Bridging-Header.h */ = {isa = PBXFileReference; fileEncoding = 4; lastKnownFileType = sourcecode.c.h; name = "Bridging-Header.h"; path = "Bridging-Header.h"; sourceTree = "<group>"; };
		9992872AEBC045F1A1434B9B /* Launcher.m */ = {isa = PBXFileReference; name = "Launcher.m"; path = "cordova-plugin-app-launcher/Launcher.m"; sourceTree = "<group>"; fileEncoding = 4; lastKnownFileType = sourcecode.c.objc; explicitFileType = undefined; includeInIndex = 0; };
		1A715C9822744950AAA918E0 /* Launcher.h */ = {isa = PBXFileReference; name = "Launcher.h"; path = "cordova-plugin-app-launcher/Launcher.h"; sourceTree = "<group>"; fileEncoding = 4; lastKnownFileType = sourcecode.c.h; explicitFileType = undefined; includeInIndex = 0; };
		26D8217CF40B4D9AB5FA8E13 /* CDVFile.m */ = {isa = PBXFileReference; name = "CDVFile.m"; path = "cordova-plugin-file/CDVFile.m"; sourceTree = "<group>"; fileEncoding = 4; lastKnownFileType = sourcecode.c.objc; explicitFileType = undefined; includeInIndex = 0; };
		ED2B457EC14940908539E50C /* CDVLocalFilesystem.m */ = {isa = PBXFileReference; name = "CDVLocalFilesystem.m"; path = "cordova-plugin-file/CDVLocalFilesystem.m"; sourceTree = "<group>"; fileEncoding = 4; lastKnownFileType = sourcecode.c.objc; explicitFileType = undefined; includeInIndex = 0; };
		4BEE3154199C41E2AD68C954 /* CDVAssetLibraryFilesystem.m */ = {isa = PBXFileReference; name = "CDVAssetLibraryFilesystem.m"; path = "cordova-plugin-file/CDVAssetLibraryFilesystem.m"; sourceTree = "<group>"; fileEncoding = 4; lastKnownFileType = sourcecode.c.objc; explicitFileType = undefined; includeInIndex = 0; };
		E1B9EABFA9564E18840E9AE9 /* CDVFile.h */ = {isa = PBXFileReference; name = "CDVFile.h"; path = "cordova-plugin-file/CDVFile.h"; sourceTree = "<group>"; fileEncoding = 4; lastKnownFileType = sourcecode.c.h; explicitFileType = undefined; includeInIndex = 0; };
		28F15BCC47B642E382008C16 /* CDVLocalFilesystem.h */ = {isa = PBXFileReference; name = "CDVLocalFilesystem.h"; path = "cordova-plugin-file/CDVLocalFilesystem.h"; sourceTree = "<group>"; fileEncoding = 4; lastKnownFileType = sourcecode.c.h; explicitFileType = undefined; includeInIndex = 0; };
		74DC2DDD9A934A568C989B30 /* CDVAssetLibraryFilesystem.h */ = {isa = PBXFileReference; name = "CDVAssetLibraryFilesystem.h"; path = "cordova-plugin-file/CDVAssetLibraryFilesystem.h"; sourceTree = "<group>"; fileEncoding = 4; lastKnownFileType = sourcecode.c.h; explicitFileType = undefined; includeInIndex = 0; };
		5D2607262C574D5E991AE3A2 /* CDVLocation.m */ = {isa = PBXFileReference; name = "CDVLocation.m"; path = "cordova-plugin-geolocation/CDVLocation.m"; sourceTree = "<group>"; fileEncoding = 4; lastKnownFileType = sourcecode.c.objc; explicitFileType = undefined; includeInIndex = 0; };
		91D5FE22A56845E4998AF270 /* CDVLocation.h */ = {isa = PBXFileReference; name = "CDVLocation.h"; path = "cordova-plugin-geolocation/CDVLocation.h"; sourceTree = "<group>"; fileEncoding = 4; lastKnownFileType = sourcecode.c.h; explicitFileType = undefined; includeInIndex = 0; };
		3CC290B551C54F53A49BADA7 /* CoreLocation.framework */ = {isa = PBXFileReference; name = "CoreLocation.framework"; path = "System/Library/Frameworks/CoreLocation.framework"; sourceTree = SDKROOT; fileEncoding = undefined; lastKnownFileType = wrapper.framework; explicitFileType = undefined; includeInIndex = 0; };
		8D04776E5B0848ED9E0BD200 /* CDVInAppBrowser.m */ = {isa = PBXFileReference; name = "CDVInAppBrowser.m"; path = "cordova-plugin-inappbrowser/CDVInAppBrowser.m"; sourceTree = "<group>"; fileEncoding = 4; lastKnownFileType = sourcecode.c.objc; explicitFileType = undefined; includeInIndex = 0; };
		B38AAB383BB24412BB1D29D9 /* CDVInAppBrowser.h */ = {isa = PBXFileReference; name = "CDVInAppBrowser.h"; path = "cordova-plugin-inappbrowser/CDVInAppBrowser.h"; sourceTree = "<group>"; fileEncoding = 4; lastKnownFileType = sourcecode.c.h; explicitFileType = undefined; includeInIndex = 0; };
		9DBEB4B64E644B678285B730 /* RequestLocationAccuracy.m */ = {isa = PBXFileReference; name = "RequestLocationAccuracy.m"; path = "cordova-plugin-request-location-accuracy/RequestLocationAccuracy.m"; sourceTree = "<group>"; fileEncoding = 4; lastKnownFileType = sourcecode.c.objc; explicitFileType = undefined; includeInIndex = 0; };
		12FA1478A8D94C909658B031 /* RequestLocationAccuracy.h */ = {isa = PBXFileReference; name = "RequestLocationAccuracy.h"; path = "cordova-plugin-request-location-accuracy/RequestLocationAccuracy.h"; sourceTree = "<group>"; fileEncoding = 4; lastKnownFileType = sourcecode.c.h; explicitFileType = undefined; includeInIndex = 0; };
		FD4F4FE23B414F03AB7D6150 /* Diagnostic.m */ = {isa = PBXFileReference; name = "Diagnostic.m"; path = "cordova.plugins.diagnostic/Diagnostic.m"; sourceTree = "<group>"; fileEncoding = 4; lastKnownFileType = sourcecode.c.objc; explicitFileType = undefined; includeInIndex = 0; };
		21D14B4B3851461EACA3AA27 /* Diagnostic_Location.m */ = {isa = PBXFileReference; name = "Diagnostic_Location.m"; path = "cordova.plugins.diagnostic/Diagnostic_Location.m"; sourceTree = "<group>"; fileEncoding = 4; lastKnownFileType = sourcecode.c.objc; explicitFileType = undefined; includeInIndex = 0; };
		5A3156A68B0F4CBBA6E77CF6 /* Diagnostic_Bluetooth.m */ = {isa = PBXFileReference; name = "Diagnostic_Bluetooth.m"; path = "cordova.plugins.diagnostic/Diagnostic_Bluetooth.m"; sourceTree = "<group>"; fileEncoding = 4; lastKnownFileType = sourcecode.c.objc; explicitFileType = undefined; includeInIndex = 0; };
		31457F81EC5241098437622B /* Diagnostic_Wifi.m */ = {isa = PBXFileReference; name = "Diagnostic_Wifi.m"; path = "cordova.plugins.diagnostic/Diagnostic_Wifi.m"; sourceTree = "<group>"; fileEncoding = 4; lastKnownFileType = sourcecode.c.objc; explicitFileType = undefined; includeInIndex = 0; };
		F9F5D2D69EB148ABB9A0BF2D /* Diagnostic_Camera.m */ = {isa = PBXFileReference; name = "Diagnostic_Camera.m"; path = "cordova.plugins.diagnostic/Diagnostic_Camera.m"; sourceTree = "<group>"; fileEncoding = 4; lastKnownFileType = sourcecode.c.objc; explicitFileType = undefined; includeInIndex = 0; };
		D2CA57338B8E46DAAEE28079 /* Diagnostic_Notifications.m */ = {isa = PBXFileReference; name = "Diagnostic_Notifications.m"; path = "cordova.plugins.diagnostic/Diagnostic_Notifications.m"; sourceTree = "<group>"; fileEncoding = 4; lastKnownFileType = sourcecode.c.objc; explicitFileType = undefined; includeInIndex = 0; };
		5E002B58F8C4496A8CB0058C /* Diagnostic_Microphone.m */ = {isa = PBXFileReference; name = "Diagnostic_Microphone.m"; path = "cordova.plugins.diagnostic/Diagnostic_Microphone.m"; sourceTree = "<group>"; fileEncoding = 4; lastKnownFileType = sourcecode.c.objc; explicitFileType = undefined; includeInIndex = 0; };
		27A7905EEAE645719CFA0B02 /* Diagnostic_Contacts.m */ = {isa = PBXFileReference; name = "Diagnostic_Contacts.m"; path = "cordova.plugins.diagnostic/Diagnostic_Contacts.m"; sourceTree = "<group>"; fileEncoding = 4; lastKnownFileType = sourcecode.c.objc; explicitFileType = undefined; includeInIndex = 0; };
		B3B25EF6C517431395AFD46E /* Diagnostic_Calendar.m */ = {isa = PBXFileReference; name = "Diagnostic_Calendar.m"; path = "cordova.plugins.diagnostic/Diagnostic_Calendar.m"; sourceTree = "<group>"; fileEncoding = 4; lastKnownFileType = sourcecode.c.objc; explicitFileType = undefined; includeInIndex = 0; };
		793844DAF6BA44778A205B7A /* Diagnostic_Reminders.m */ = {isa = PBXFileReference; name = "Diagnostic_Reminders.m"; path = "cordova.plugins.diagnostic/Diagnostic_Reminders.m"; sourceTree = "<group>"; fileEncoding = 4; lastKnownFileType = sourcecode.c.objc; explicitFileType = undefined; includeInIndex = 0; };
		2BD41A7858B345A2BA1D5E1C /* Diagnostic_Motion.m */ = {isa = PBXFileReference; name = "Diagnostic_Motion.m"; path = "cordova.plugins.diagnostic/Diagnostic_Motion.m"; sourceTree = "<group>"; fileEncoding = 4; lastKnownFileType = sourcecode.c.objc; explicitFileType = undefined; includeInIndex = 0; };
		A0BA4D96A0524CC08AE08161 /* Diagnostic.h */ = {isa = PBXFileReference; name = "Diagnostic.h"; path = "cordova.plugins.diagnostic/Diagnostic.h"; sourceTree = "<group>"; fileEncoding = 4; lastKnownFileType = sourcecode.c.h; explicitFileType = undefined; includeInIndex = 0; };
		2EECB94595034BC0A107A786 /* Diagnostic_Location.h */ = {isa = PBXFileReference; name = "Diagnostic_Location.h"; path = "cordova.plugins.diagnostic/Diagnostic_Location.h"; sourceTree = "<group>"; fileEncoding = 4; lastKnownFileType = sourcecode.c.h; explicitFileType = undefined; includeInIndex = 0; };
		BB31339E97334F238F5EC07A /* Diagnostic_Bluetooth.h */ = {isa = PBXFileReference; name = "Diagnostic_Bluetooth.h"; path = "cordova.plugins.diagnostic/Diagnostic_Bluetooth.h"; sourceTree = "<group>"; fileEncoding = 4; lastKnownFileType = sourcecode.c.h; explicitFileType = undefined; includeInIndex = 0; };
		C483A594992E4480B1AB0B02 /* Diagnostic_Wifi.h */ = {isa = PBXFileReference; name = "Diagnostic_Wifi.h"; path = "cordova.plugins.diagnostic/Diagnostic_Wifi.h"; sourceTree = "<group>"; fileEncoding = 4; lastKnownFileType = sourcecode.c.h; explicitFileType = undefined; includeInIndex = 0; };
		73395972A60C41DE87D90FE5 /* Diagnostic_Camera.h */ = {isa = PBXFileReference; name = "Diagnostic_Camera.h"; path = "cordova.plugins.diagnostic/Diagnostic_Camera.h"; sourceTree = "<group>"; fileEncoding = 4; lastKnownFileType = sourcecode.c.h; explicitFileType = undefined; includeInIndex = 0; };
		6EBD351D5F8E48B0B74ECAFD /* Diagnostic_Notifications.h */ = {isa = PBXFileReference; name = "Diagnostic_Notifications.h"; path = "cordova.plugins.diagnostic/Diagnostic_Notifications.h"; sourceTree = "<group>"; fileEncoding = 4; lastKnownFileType = sourcecode.c.h; explicitFileType = undefined; includeInIndex = 0; };
		93BFAB352AB046A9A1A5DDA5 /* Diagnostic_Microphone.h */ = {isa = PBXFileReference; name = "Diagnostic_Microphone.h"; path = "cordova.plugins.diagnostic/Diagnostic_Microphone.h"; sourceTree = "<group>"; fileEncoding = 4; lastKnownFileType = sourcecode.c.h; explicitFileType = undefined; includeInIndex = 0; };
		09DFC2DA8AF44642A62354CB /* Diagnostic_Contacts.h */ = {isa = PBXFileReference; name = "Diagnostic_Contacts.h"; path = "cordova.plugins.diagnostic/Diagnostic_Contacts.h"; sourceTree = "<group>"; fileEncoding = 4; lastKnownFileType = sourcecode.c.h; explicitFileType = undefined; includeInIndex = 0; };
		CA77F24E73454530B19E7C5B /* Diagnostic_Calendar.h */ = {isa = PBXFileReference; name = "Diagnostic_Calendar.h"; path = "cordova.plugins.diagnostic/Diagnostic_Calendar.h"; sourceTree = "<group>"; fileEncoding = 4; lastKnownFileType = sourcecode.c.h; explicitFileType = undefined; includeInIndex = 0; };
		BABC472425DC4EC79CAADE8B /* Diagnostic_Reminders.h */ = {isa = PBXFileReference; name = "Diagnostic_Reminders.h"; path = "cordova.plugins.diagnostic/Diagnostic_Reminders.h"; sourceTree = "<group>"; fileEncoding = 4; lastKnownFileType = sourcecode.c.h; explicitFileType = undefined; includeInIndex = 0; };
		3807F5CEA5C940FEBF16E190 /* Diagnostic_Motion.h */ = {isa = PBXFileReference; name = "Diagnostic_Motion.h"; path = "cordova.plugins.diagnostic/Diagnostic_Motion.h"; sourceTree = "<group>"; fileEncoding = 4; lastKnownFileType = sourcecode.c.h; explicitFileType = undefined; includeInIndex = 0; };
		37DD8B91D22948DE83F097E4 /* CoreBluetooth.framework */ = {isa = PBXFileReference; name = "CoreBluetooth.framework"; path = "System/Library/Frameworks/CoreBluetooth.framework"; sourceTree = SDKROOT; fileEncoding = undefined; lastKnownFileType = wrapper.framework; explicitFileType = undefined; includeInIndex = 0; };
		62E2722AE0B9483BB5652110 /* Photos.framework */ = {isa = PBXFileReference; name = "Photos.framework"; path = "System/Library/Frameworks/Photos.framework"; sourceTree = SDKROOT; fileEncoding = undefined; lastKnownFileType = wrapper.framework; explicitFileType = undefined; includeInIndex = 0; };
		DD2D0E54FB8A4DA1A20B3285 /* AVFoundation.framework */ = {isa = PBXFileReference; name = "AVFoundation.framework"; path = "System/Library/Frameworks/AVFoundation.framework"; sourceTree = SDKROOT; fileEncoding = undefined; lastKnownFileType = wrapper.framework; explicitFileType = undefined; includeInIndex = 0; };
		B4DA4B6AED464A638BF8F119 /* UserNotifications.framework */ = {isa = PBXFileReference; name = "UserNotifications.framework"; path = "System/Library/Frameworks/UserNotifications.framework"; sourceTree = SDKROOT; fileEncoding = undefined; lastKnownFileType = wrapper.framework; explicitFileType = undefined; includeInIndex = 0; };
		0DAC6DDF23734993BC2038CB /* Contacts.framework */ = {isa = PBXFileReference; name = "Contacts.framework"; path = "System/Library/Frameworks/Contacts.framework"; sourceTree = SDKROOT; fileEncoding = undefined; lastKnownFileType = wrapper.framework; explicitFileType = undefined; includeInIndex = 0; };
		904B32DE99014EFC96F059EC /* AddressBook.framework */ = {isa = PBXFileReference; name = "AddressBook.framework"; path = "System/Library/Frameworks/AddressBook.framework"; sourceTree = SDKROOT; fileEncoding = undefined; lastKnownFileType = wrapper.framework; explicitFileType = undefined; includeInIndex = 0; };
		F4D2B69C33D54A6DA490B25B /* EventKit.framework */ = {isa = PBXFileReference; name = "EventKit.framework"; path = "System/Library/Frameworks/EventKit.framework"; sourceTree = SDKROOT; fileEncoding = undefined; lastKnownFileType = wrapper.framework; explicitFileType = undefined; includeInIndex = 0; };
		371AEFF71ED44CB2AA8204F8 /* CoreMotion.framework */ = {isa = PBXFileReference; name = "CoreMotion.framework"; path = "System/Library/Frameworks/CoreMotion.framework"; sourceTree = SDKROOT; fileEncoding = undefined; lastKnownFileType = wrapper.framework; explicitFileType = undefined; includeInIndex = 0; };
		D7F879DA4B064828A943842A /* GoogleService-Info.plist */ = {isa = PBXFileReference; name = "GoogleService-Info.plist"; path = "GoogleService-Info.plist"; sourceTree = "<group>"; fileEncoding = 4; lastKnownFileType = text.plist.xml; explicitFileType = undefined; includeInIndex = 0; };
		D4AC1B23ECEF45789FEC4771 /* DatePicker.m */ = {isa = PBXFileReference; name = "DatePicker.m"; path = "cordova-plugin-datepicker/DatePicker.m"; sourceTree = "<group>"; fileEncoding = 4; lastKnownFileType = sourcecode.c.objc; explicitFileType = undefined; includeInIndex = 0; };
		4F6B5E5E5B654E4A9AEAF985 /* DatePicker.h */ = {isa = PBXFileReference; name = "DatePicker.h"; path = "cordova-plugin-datepicker/DatePicker.h"; sourceTree = "<group>"; fileEncoding = 4; lastKnownFileType = sourcecode.c.h; explicitFileType = undefined; includeInIndex = 0; };
		602C887EFE0A4123BCF42D8B /* DatePicker.xib */ = {isa = PBXFileReference; name = "DatePicker.xib"; path = "DatePicker.xib"; sourceTree = "<group>"; fileEncoding = undefined; lastKnownFileType = file.xib; explicitFileType = undefined; includeInIndex = 0; };
		7FA5C5642CFC43B199EA191E /* CDVDevice.m */ = {isa = PBXFileReference; name = "CDVDevice.m"; path = "cordova-plugin-device/CDVDevice.m"; sourceTree = "<group>"; fileEncoding = 4; lastKnownFileType = sourcecode.c.objc; explicitFileType = undefined; includeInIndex = 0; };
		4837E4D4E709428EA2C7E890 /* CDVDevice.h */ = {isa = PBXFileReference; name = "CDVDevice.h"; path = "cordova-plugin-device/CDVDevice.h"; sourceTree = "<group>"; fileEncoding = 4; lastKnownFileType = sourcecode.c.h; explicitFileType = undefined; includeInIndex = 0; };
		4786128E596D4DEB97710D36 /* APPBadge.m */ = {isa = PBXFileReference; name = "APPBadge.m"; path = "cordova-plugin-badge/APPBadge.m"; sourceTree = "<group>"; fileEncoding = 4; lastKnownFileType = sourcecode.c.objc; explicitFileType = undefined; includeInIndex = 0; };
		2EA0D2D27E354A3AA5EF697A /* APPBadge.h */ = {isa = PBXFileReference; name = "APPBadge.h"; path = "cordova-plugin-badge/APPBadge.h"; sourceTree = "<group>"; fileEncoding = 4; lastKnownFileType = sourcecode.c.h; explicitFileType = undefined; includeInIndex = 0; };
		9D68D572532F4ADFA487856F /* APPLocalNotification.m */ = {isa = PBXFileReference; name = "APPLocalNotification.m"; path = "cordova-plugin-local-notification/APPLocalNotification.m"; sourceTree = "<group>"; fileEncoding = 4; lastKnownFileType = sourcecode.c.objc; explicitFileType = undefined; includeInIndex = 0; };
		C38645B7A35840249658F064 /* APPNotificationContent.m */ = {isa = PBXFileReference; name = "APPNotificationContent.m"; path = "cordova-plugin-local-notification/APPNotificationContent.m"; sourceTree = "<group>"; fileEncoding = 4; lastKnownFileType = sourcecode.c.objc; explicitFileType = undefined; includeInIndex = 0; };
		E6D5400290B54170A50E4E01 /* APPNotificationOptions.m */ = {isa = PBXFileReference; name = "APPNotificationOptions.m"; path = "cordova-plugin-local-notification/APPNotificationOptions.m"; sourceTree = "<group>"; fileEncoding = 4; lastKnownFileType = sourcecode.c.objc; explicitFileType = undefined; includeInIndex = 0; };
		D89EF941E1C0425DB8B3E67A /* UNUserNotificationCenter+APPLocalNotification.m */ = {isa = PBXFileReference; name = "UNUserNotificationCenter+APPLocalNotification.m"; path = "cordova-plugin-local-notification/UNUserNotificationCenter+APPLocalNotification.m"; sourceTree = "<group>"; fileEncoding = 4; lastKnownFileType = sourcecode.c.objc; explicitFileType = undefined; includeInIndex = 0; };
		675BD58C60C6438F92D63584 /* UNNotificationRequest+APPLocalNotification.m */ = {isa = PBXFileReference; name = "UNNotificationRequest+APPLocalNotification.m"; path = "cordova-plugin-local-notification/UNNotificationRequest+APPLocalNotification.m"; sourceTree = "<group>"; fileEncoding = 4; lastKnownFileType = sourcecode.c.objc; explicitFileType = undefined; includeInIndex = 0; };
		74E637DA2D414584A6F1E88D /* APPLocalNotification.h */ = {isa = PBXFileReference; name = "APPLocalNotification.h"; path = "cordova-plugin-local-notification/APPLocalNotification.h"; sourceTree = "<group>"; fileEncoding = 4; lastKnownFileType = sourcecode.c.h; explicitFileType = undefined; includeInIndex = 0; };
		1EEF552DFFF94682B0FF2D21 /* APPNotificationContent.h */ = {isa = PBXFileReference; name = "APPNotificationContent.h"; path = "cordova-plugin-local-notification/APPNotificationContent.h"; sourceTree = "<group>"; fileEncoding = 4; lastKnownFileType = sourcecode.c.h; explicitFileType = undefined; includeInIndex = 0; };
		171D4869E08148D89EADF27C /* APPNotificationOptions.h */ = {isa = PBXFileReference; name = "APPNotificationOptions.h"; path = "cordova-plugin-local-notification/APPNotificationOptions.h"; sourceTree = "<group>"; fileEncoding = 4; lastKnownFileType = sourcecode.c.h; explicitFileType = undefined; includeInIndex = 0; };
		7D14265DC47144A5A29FC529 /* UNUserNotificationCenter+APPLocalNotification.h */ = {isa = PBXFileReference; name = "UNUserNotificationCenter+APPLocalNotification.h"; path = "cordova-plugin-local-notification/UNUserNotificationCenter+APPLocalNotification.h"; sourceTree = "<group>"; fileEncoding = 4; lastKnownFileType = sourcecode.c.h; explicitFileType = undefined; includeInIndex = 0; };
		5BF6F33DADD24678AD442BC8 /* UNNotificationRequest+APPLocalNotification.h */ = {isa = PBXFileReference; name = "UNNotificationRequest+APPLocalNotification.h"; path = "cordova-plugin-local-notification/UNNotificationRequest+APPLocalNotification.h"; sourceTree = "<group>"; fileEncoding = 4; lastKnownFileType = sourcecode.c.h; explicitFileType = undefined; includeInIndex = 0; };
		3F559205A5E44A6F97E454BA /* AppCenterShared.m */ = {isa = PBXFileReference; name = "AppCenterShared.m"; path = "cordova-plugin-appcenter-shared/AppCenterShared.m"; sourceTree = "<group>"; fileEncoding = 4; lastKnownFileType = sourcecode.c.objc; explicitFileType = undefined; includeInIndex = 0; };
		D32AC651D1044F1686C8D72B /* AppCenterSharedPlugin.m */ = {isa = PBXFileReference; name = "AppCenterSharedPlugin.m"; path = "cordova-plugin-appcenter-shared/AppCenterSharedPlugin.m"; sourceTree = "<group>"; fileEncoding = 4; lastKnownFileType = sourcecode.c.objc; explicitFileType = undefined; includeInIndex = 0; };
		00FEC573D6524E468C2760D1 /* AppCenterShared.h */ = {isa = PBXFileReference; name = "AppCenterShared.h"; path = "cordova-plugin-appcenter-shared/AppCenterShared.h"; sourceTree = "<group>"; fileEncoding = 4; lastKnownFileType = sourcecode.c.h; explicitFileType = undefined; includeInIndex = 0; };
		C48EA46B5925406EA0BD16A1 /* AppCenterSharedPlugin.h */ = {isa = PBXFileReference; name = "AppCenterSharedPlugin.h"; path = "cordova-plugin-appcenter-shared/AppCenterSharedPlugin.h"; sourceTree = "<group>"; fileEncoding = 4; lastKnownFileType = sourcecode.c.h; explicitFileType = undefined; includeInIndex = 0; };
		B39F0703A6BB4CF6B8BB06F5 /* AppCenterAnalyticsPlugin.m */ = {isa = PBXFileReference; name = "AppCenterAnalyticsPlugin.m"; path = "cordova-plugin-appcenter-analytics/AppCenterAnalyticsPlugin.m"; sourceTree = "<group>"; fileEncoding = 4; lastKnownFileType = sourcecode.c.objc; explicitFileType = undefined; includeInIndex = 0; };
		126CAA38FE274A5691EC2DF7 /* AppCenterAnalyticsPlugin.h */ = {isa = PBXFileReference; name = "AppCenterAnalyticsPlugin.h"; path = "cordova-plugin-appcenter-analytics/AppCenterAnalyticsPlugin.h"; sourceTree = "<group>"; fileEncoding = 4; lastKnownFileType = sourcecode.c.h; explicitFileType = undefined; includeInIndex = 0; };
		26481FC9DACB41D6B921CAE5 /* AppCenterCrashesPlugin.m */ = {isa = PBXFileReference; name = "AppCenterCrashesPlugin.m"; path = "cordova-plugin-appcenter-crashes/AppCenterCrashesPlugin.m"; sourceTree = "<group>"; fileEncoding = 4; lastKnownFileType = sourcecode.c.objc; explicitFileType = undefined; includeInIndex = 0; };
		2E17B98B0B0549F3BDFDB87B /* CordovaCrashesDelegate.m */ = {isa = PBXFileReference; name = "CordovaCrashesDelegate.m"; path = "cordova-plugin-appcenter-crashes/CordovaCrashesDelegate.m"; sourceTree = "<group>"; fileEncoding = 4; lastKnownFileType = sourcecode.c.objc; explicitFileType = undefined; includeInIndex = 0; };
		1D61F4E2FD6A42099A646BFC /* CrashesUtils.m */ = {isa = PBXFileReference; name = "CrashesUtils.m"; path = "cordova-plugin-appcenter-crashes/CrashesUtils.m"; sourceTree = "<group>"; fileEncoding = 4; lastKnownFileType = sourcecode.c.objc; explicitFileType = undefined; includeInIndex = 0; };
		378895050B0D42D197021DE4 /* AppCenterCrashesPlugin.h */ = {isa = PBXFileReference; name = "AppCenterCrashesPlugin.h"; path = "cordova-plugin-appcenter-crashes/AppCenterCrashesPlugin.h"; sourceTree = "<group>"; fileEncoding = 4; lastKnownFileType = sourcecode.c.h; explicitFileType = undefined; includeInIndex = 0; };
		72C16AE0440743979A801A16 /* CordovaCrashesDelegate.h */ = {isa = PBXFileReference; name = "CordovaCrashesDelegate.h"; path = "cordova-plugin-appcenter-crashes/CordovaCrashesDelegate.h"; sourceTree = "<group>"; fileEncoding = 4; lastKnownFileType = sourcecode.c.h; explicitFileType = undefined; includeInIndex = 0; };
		E4EB6BFF2A6D4C6087E46818 /* CrashesUtils.h */ = {isa = PBXFileReference; name = "CrashesUtils.h"; path = "cordova-plugin-appcenter-crashes/CrashesUtils.h"; sourceTree = "<group>"; fileEncoding = 4; lastKnownFileType = sourcecode.c.h; explicitFileType = undefined; includeInIndex = 0; };
/* End PBXFileReference section */

/* Begin PBXFrameworksBuildPhase section */
		1D60588F0D05DD3D006BFB54 /* Frameworks */ = {
			isa = PBXFrameworksBuildPhase;
			buildActionMask = 2147483647;
			files = (
				301BF552109A68D80062928A /* libCordova.a in Frameworks */,
				C5F4183237B7417F985D2FD8 /* CoreLocation.framework in Frameworks */,
				13A8480237384D5C938DAB5F /* CoreBluetooth.framework in Frameworks */,
				70ED6DE919CF441083E84B99 /* Photos.framework in Frameworks */,
				A6B662EC14A74864BAF9E083 /* AVFoundation.framework in Frameworks */,
				0076DB8989184C318384D440 /* UserNotifications.framework in Frameworks */,
				2B76DA7FA26346C3871A0502 /* Contacts.framework in Frameworks */,
				C23DBA42B3434DDAB1035AD9 /* AddressBook.framework in Frameworks */,
				2A4BA7EDDB2F475FB4440EEE /* EventKit.framework in Frameworks */,
				DC92399BF1E84C789481CA4A /* CoreMotion.framework in Frameworks */,
			);
			runOnlyForDeploymentPostprocessing = 0;
		};
/* End PBXFrameworksBuildPhase section */

/* Begin PBXGroup section */
		080E96DDFE201D6D7F000001 /* Classes */ = {
			isa = PBXGroup;
			children = (
				302D95EE14D2391D003F00A1 /* MainViewController.h */,
				302D95EF14D2391D003F00A1 /* MainViewController.m */,
				302D95F014D2391D003F00A1 /* MainViewController.xib */,
				1D3623240D0F684500981E51 /* AppDelegate.h */,
				1D3623250D0F684500981E51 /* AppDelegate.m */,
			);
			name = Classes;
			path = "Closer/Classes";
			sourceTree = SOURCE_ROOT;
		};
		19C28FACFE9D520D11CA2CBB /* Products */ = {
			isa = PBXGroup;
			children = (
				1D6058910D05DD3D006BFB54 /* Closer.app */,
			);
			name = Products;
			sourceTree = "<group>";
		};
		29B97314FDCFA39411CA2CEA /* CustomTemplate */ = {
			isa = PBXGroup;
			children = (
				EB87FDF41871DAF40020F90C /* config.xml */,
				EB87FDF31871DA8E0020F90C /* www */,
				EB87FDF11871DA420020F90C /* Staging */,
				301BF52D109A57CC0062928A /* CordovaLib.xcodeproj */,
				080E96DDFE201D6D7F000001 /* Classes */,
				307C750510C5A3420062BCA9 /* Plugins */,
				29B97315FDCFA39411CA2CEA /* Other Sources */,
				29B97317FDCFA39411CA2CEA /* Resources */,
				29B97323FDCFA39411CA2CEA /* Frameworks */,
				19C28FACFE9D520D11CA2CBB /* Products */,
			);
			name = CustomTemplate;
			sourceTree = "<group>";
		};
		29B97315FDCFA39411CA2CEA /* Other Sources */ = {
			isa = PBXGroup;
			children = (
				32CA4F630368D1EE00C91783 /* Closer-Prefix.pch */,
				29B97316FDCFA39411CA2CEA /* main.m */,
				ED33DF2A687741AEAF9F8254 /* Bridging-Header.h */,
			);
			name = "Other Sources";
			path = "Closer";
			sourceTree = "<group>";
		};
		29B97317FDCFA39411CA2CEA /* Resources */ = {
			isa = PBXGroup;
			children = (
				0207DA571B56EA530066E2B4 /* Images.xcassets */,
				3047A50E1AB8057F00498E2A /* config */,
				8D1107310486CEB800E47090 /* Closer-Info.plist */,
				6AFF5BF81D6E424B00AB3073 /* CDVLaunchScreen.storyboard */,
				D7F879DA4B064828A943842A /* GoogleService-Info.plist */,
				602C887EFE0A4123BCF42D8B /* DatePicker.xib */,
			);
			name = Resources;
			path = "Closer/Resources";
			sourceTree = "<group>";
		};
		29B97323FDCFA39411CA2CEA /* Frameworks */ = {
			isa = PBXGroup;
			children = (
				3CC290B551C54F53A49BADA7 /* CoreLocation.framework */,
				37DD8B91D22948DE83F097E4 /* CoreBluetooth.framework */,
				62E2722AE0B9483BB5652110 /* Photos.framework */,
				DD2D0E54FB8A4DA1A20B3285 /* AVFoundation.framework */,
				B4DA4B6AED464A638BF8F119 /* UserNotifications.framework */,
				0DAC6DDF23734993BC2038CB /* Contacts.framework */,
				904B32DE99014EFC96F059EC /* AddressBook.framework */,
				F4D2B69C33D54A6DA490B25B /* EventKit.framework */,
				371AEFF71ED44CB2AA8204F8 /* CoreMotion.framework */,
			);
			name = Frameworks;
			sourceTree = "<group>";
		};
		301BF52E109A57CC0062928A /* Products */ = {
			isa = PBXGroup;
			children = (
				301BF535109A57CC0062928A /* libCordova.a */,
			);
			name = Products;
			sourceTree = "<group>";
		};
		3047A50E1AB8057F00498E2A /* config */ = {
			isa = PBXGroup;
			children = (
				3047A50F1AB8059700498E2A /* build-debug.xcconfig */,
				3047A5101AB8059700498E2A /* build-release.xcconfig */,
				3047A5111AB8059700498E2A /* build.xcconfig */,
			);
			name = config;
			sourceTree = "<group>";
		};
		307C750510C5A3420062BCA9 /* Plugins */ = {
			isa = PBXGroup;
			children = (
				9992872AEBC045F1A1434B9B /* Launcher.m */,
				1A715C9822744950AAA918E0 /* Launcher.h */,
				26D8217CF40B4D9AB5FA8E13 /* CDVFile.m */,
				ED2B457EC14940908539E50C /* CDVLocalFilesystem.m */,
				4BEE3154199C41E2AD68C954 /* CDVAssetLibraryFilesystem.m */,
				E1B9EABFA9564E18840E9AE9 /* CDVFile.h */,
				28F15BCC47B642E382008C16 /* CDVLocalFilesystem.h */,
				74DC2DDD9A934A568C989B30 /* CDVAssetLibraryFilesystem.h */,
				5D2607262C574D5E991AE3A2 /* CDVLocation.m */,
				91D5FE22A56845E4998AF270 /* CDVLocation.h */,
				8D04776E5B0848ED9E0BD200 /* CDVInAppBrowser.m */,
				B38AAB383BB24412BB1D29D9 /* CDVInAppBrowser.h */,
				9DBEB4B64E644B678285B730 /* RequestLocationAccuracy.m */,
				12FA1478A8D94C909658B031 /* RequestLocationAccuracy.h */,
				FD4F4FE23B414F03AB7D6150 /* Diagnostic.m */,
				21D14B4B3851461EACA3AA27 /* Diagnostic_Location.m */,
				5A3156A68B0F4CBBA6E77CF6 /* Diagnostic_Bluetooth.m */,
				31457F81EC5241098437622B /* Diagnostic_Wifi.m */,
				F9F5D2D69EB148ABB9A0BF2D /* Diagnostic_Camera.m */,
				D2CA57338B8E46DAAEE28079 /* Diagnostic_Notifications.m */,
				5E002B58F8C4496A8CB0058C /* Diagnostic_Microphone.m */,
				27A7905EEAE645719CFA0B02 /* Diagnostic_Contacts.m */,
				B3B25EF6C517431395AFD46E /* Diagnostic_Calendar.m */,
				793844DAF6BA44778A205B7A /* Diagnostic_Reminders.m */,
				2BD41A7858B345A2BA1D5E1C /* Diagnostic_Motion.m */,
				A0BA4D96A0524CC08AE08161 /* Diagnostic.h */,
				2EECB94595034BC0A107A786 /* Diagnostic_Location.h */,
				BB31339E97334F238F5EC07A /* Diagnostic_Bluetooth.h */,
				C483A594992E4480B1AB0B02 /* Diagnostic_Wifi.h */,
				73395972A60C41DE87D90FE5 /* Diagnostic_Camera.h */,
				6EBD351D5F8E48B0B74ECAFD /* Diagnostic_Notifications.h */,
				93BFAB352AB046A9A1A5DDA5 /* Diagnostic_Microphone.h */,
				09DFC2DA8AF44642A62354CB /* Diagnostic_Contacts.h */,
				CA77F24E73454530B19E7C5B /* Diagnostic_Calendar.h */,
				BABC472425DC4EC79CAADE8B /* Diagnostic_Reminders.h */,
				3807F5CEA5C940FEBF16E190 /* Diagnostic_Motion.h */,
				D4AC1B23ECEF45789FEC4771 /* DatePicker.m */,
				4F6B5E5E5B654E4A9AEAF985 /* DatePicker.h */,
				7FA5C5642CFC43B199EA191E /* CDVDevice.m */,
				4837E4D4E709428EA2C7E890 /* CDVDevice.h */,
				4786128E596D4DEB97710D36 /* APPBadge.m */,
				2EA0D2D27E354A3AA5EF697A /* APPBadge.h */,
				9D68D572532F4ADFA487856F /* APPLocalNotification.m */,
				C38645B7A35840249658F064 /* APPNotificationContent.m */,
				E6D5400290B54170A50E4E01 /* APPNotificationOptions.m */,
				D89EF941E1C0425DB8B3E67A /* UNUserNotificationCenter+APPLocalNotification.m */,
				675BD58C60C6438F92D63584 /* UNNotificationRequest+APPLocalNotification.m */,
				74E637DA2D414584A6F1E88D /* APPLocalNotification.h */,
				1EEF552DFFF94682B0FF2D21 /* APPNotificationContent.h */,
				171D4869E08148D89EADF27C /* APPNotificationOptions.h */,
				7D14265DC47144A5A29FC529 /* UNUserNotificationCenter+APPLocalNotification.h */,
				5BF6F33DADD24678AD442BC8 /* UNNotificationRequest+APPLocalNotification.h */,
				3F559205A5E44A6F97E454BA /* AppCenterShared.m */,
				D32AC651D1044F1686C8D72B /* AppCenterSharedPlugin.m */,
				00FEC573D6524E468C2760D1 /* AppCenterShared.h */,
				C48EA46B5925406EA0BD16A1 /* AppCenterSharedPlugin.h */,
				B39F0703A6BB4CF6B8BB06F5 /* AppCenterAnalyticsPlugin.m */,
				126CAA38FE274A5691EC2DF7 /* AppCenterAnalyticsPlugin.h */,
				26481FC9DACB41D6B921CAE5 /* AppCenterCrashesPlugin.m */,
				2E17B98B0B0549F3BDFDB87B /* CordovaCrashesDelegate.m */,
				1D61F4E2FD6A42099A646BFC /* CrashesUtils.m */,
				378895050B0D42D197021DE4 /* AppCenterCrashesPlugin.h */,
				72C16AE0440743979A801A16 /* CordovaCrashesDelegate.h */,
				E4EB6BFF2A6D4C6087E46818 /* CrashesUtils.h */,
			);
			name = Plugins;
			path = "Closer/Plugins";
			sourceTree = SOURCE_ROOT;
		};
		EB87FDF11871DA420020F90C /* Staging */ = {
			isa = PBXGroup;
			children = (
				F840E1F0165FE0F500CFE078 /* config.xml */,
				301BF56E109A69640062928A /* www */,
			);
			name = Staging;
			sourceTree = "<group>";
		};
/* End PBXGroup section */

/* Begin PBXNativeTarget section */
		1D6058900D05DD3D006BFB54 /* Closer */ = {
			isa = PBXNativeTarget;
			buildConfigurationList = 1D6058960D05DD3E006BFB54 /* Build configuration list for PBXNativeTarget "Closer" */;
			buildPhases = (
				304B58A110DAC018002A0835 /* Copy www directory */,
				1D60588D0D05DD3D006BFB54 /* Resources */,
				1D60588E0D05DD3D006BFB54 /* Sources */,
				1D60588F0D05DD3D006BFB54 /* Frameworks */,
			);
			buildRules = (
			);
			dependencies = (
				301BF551109A68C00062928A /* PBXTargetDependency */,
			);
			name = "Closer";
			productName = "Closer";
			productReference = 1D6058910D05DD3D006BFB54 /* Closer.app */;
			productType = "com.apple.product-type.application";
		};
/* End PBXNativeTarget section */

/* Begin PBXProject section */
		29B97313FDCFA39411CA2CEA /* Project object */ = {
			isa = PBXProject;
			attributes = {
				LastUpgradeCheck = 510;
			};
			buildConfigurationList = C01FCF4E08A954540054247B /* Build configuration list for PBXProject "__NON-CLI__" */;
			compatibilityVersion = "Xcode 3.2";
			developmentRegion = English;
			hasScannedForEncodings = 1;
			mainGroup = 29B97314FDCFA39411CA2CEA /* CustomTemplate */;
			projectDirPath = "";
			projectReferences = (
				{
					ProductGroup = 301BF52E109A57CC0062928A /* Products */;
					ProjectRef = 301BF52D109A57CC0062928A /* CordovaLib.xcodeproj */;
				},
			);
			projectRoot = "";
			targets = (
				1D6058900D05DD3D006BFB54 /* Closer */,
			);
		};
/* End PBXProject section */

/* Begin PBXReferenceProxy section */
		301BF535109A57CC0062928A /* libCordova.a */ = {
			isa = PBXReferenceProxy;
			fileType = archive.ar;
			path = libCordova.a;
			remoteRef = 301BF534109A57CC0062928A /* PBXContainerItemProxy */;
			sourceTree = BUILT_PRODUCTS_DIR;
		};
/* End PBXReferenceProxy section */

/* Begin PBXResourcesBuildPhase section */
		1D60588D0D05DD3D006BFB54 /* Resources */ = {
			isa = PBXResourcesBuildPhase;
			buildActionMask = 2147483647;
			files = (
				302D95F214D2391D003F00A1 /* MainViewController.xib in Resources */,
				0207DA581B56EA530066E2B4 /* Images.xcassets in Resources */,
				6AFF5BF91D6E424B00AB3073 /* CDVLaunchScreen.storyboard in Resources */,
				DDF14F5A114B4433B609507E /* GoogleService-Info.plist in Resources */,
				2CC149FD469041B0B5477B2E /* DatePicker.xib in Resources */,
			);
			runOnlyForDeploymentPostprocessing = 0;
		};
/* End PBXResourcesBuildPhase section */

/* Begin PBXShellScriptBuildPhase section */
		304B58A110DAC018002A0835 /* Copy www directory */ = {
			isa = PBXShellScriptBuildPhase;
			buildActionMask = 2147483647;
			files = (
			);
			inputPaths = (
			);
			name = "Copy www directory";
			outputPaths = (
			);
			runOnlyForDeploymentPostprocessing = 0;
			shellPath = /bin/sh;
			shellScript = "NODEJS_PATH=/usr/local/bin; NVM_NODE_PATH=~/.nvm/versions/node/`nvm version 2>/dev/null`/bin; N_NODE_PATH=`find /usr/local/n/versions/node/* -maxdepth 0 -type d 2>/dev/null | tail -1`/bin; XCODE_NODE_PATH=`xcode-select --print-path`/usr/share/xcs/Node/bin; PATH=$NODEJS_PATH:$NVM_NODE_PATH:$N_NODE_PATH:$XCODE_NODE_PATH:$PATH && node cordova/lib/copy-www-build-step.js";
			showEnvVarsInLog = 0;
		};
/* End PBXShellScriptBuildPhase section */

/* Begin PBXSourcesBuildPhase section */
		1D60588E0D05DD3D006BFB54 /* Sources */ = {
			isa = PBXSourcesBuildPhase;
			buildActionMask = 2147483647;
			files = (
				1D60589B0D05DD56006BFB54 /* main.m in Sources */,
				1D3623260D0F684500981E51 /* AppDelegate.m in Sources */,
				302D95F114D2391D003F00A1 /* MainViewController.m in Sources */,
				3F469B892EE54EAF96F94623 /* Launcher.m in Sources */,
				EE42DBDF28204079B51502B2 /* CDVFile.m in Sources */,
				CD29DBCAF32741B5BFF6094A /* CDVLocalFilesystem.m in Sources */,
				9A3221EA361D4669B9CC9DA4 /* CDVAssetLibraryFilesystem.m in Sources */,
				1CC15D8DA2DE4A79ADD3027E /* CDVLocation.m in Sources */,
				0804ADE8AED1411BA6527028 /* CDVInAppBrowser.m in Sources */,
				14B8CBFED54C4A65B44E9747 /* RequestLocationAccuracy.m in Sources */,
				BE8D12D187C444258289B219 /* Diagnostic.m in Sources */,
				D5CD9FBC9F69406CBD5277C9 /* Diagnostic_Location.m in Sources */,
				D1C31CB024F245C4A4AD1835 /* Diagnostic_Bluetooth.m in Sources */,
				7CAF9A5A676F4F37847BE822 /* Diagnostic_Wifi.m in Sources */,
				D5CDD38AB2444366A367EFB0 /* Diagnostic_Camera.m in Sources */,
				483AD942FAC542E1BC179160 /* Diagnostic_Notifications.m in Sources */,
				56786794954F4D79AE35359B /* Diagnostic_Microphone.m in Sources */,
				1FA3D40BE07E48A482709803 /* Diagnostic_Contacts.m in Sources */,
				4AA54870F5AC44E3956377AF /* Diagnostic_Calendar.m in Sources */,
				1409A6DB38E7498B9BCF2A4F /* Diagnostic_Reminders.m in Sources */,
				40EA5F33FEFA4E5B82FE217F /* Diagnostic_Motion.m in Sources */,
				E91A589B5DD042B7901F5AF1 /* DatePicker.m in Sources */,
				2F8F73688ABD4BE99112FBD1 /* CDVDevice.m in Sources */,
				89CC30EFAEF849DF9035C135 /* APPBadge.m in Sources */,
				6CAE964CC5244BE08FFA0612 /* APPLocalNotification.m in Sources */,
				0C503F892D6140F2A9D38FD8 /* APPNotificationContent.m in Sources */,
				1BFAB0ED7F8C49D8B2F966CF /* APPNotificationOptions.m in Sources */,
				2194D95E50AB4C33B6F4A93E /* UNUserNotificationCenter+APPLocalNotification.m in Sources */,
				DC605CE9E83648DAA384E68F /* UNNotificationRequest+APPLocalNotification.m in Sources */,
				89A7A713B9554E3696F00E23 /* AppCenterShared.m in Sources */,
				7243052FCC1C4CE2963322A6 /* AppCenterSharedPlugin.m in Sources */,
				3F302B88481543B498F62DC5 /* AppCenterAnalyticsPlugin.m in Sources */,
				348D3D3B319340C7992D89E9 /* AppCenterCrashesPlugin.m in Sources */,
				41C73048850D448A8126C74D /* CordovaCrashesDelegate.m in Sources */,
				B7DB7E1126A3411D91FA7353 /* CrashesUtils.m in Sources */,
			);
			runOnlyForDeploymentPostprocessing = 0;
		};
/* End PBXSourcesBuildPhase section */

/* Begin PBXTargetDependency section */
		301BF551109A68C00062928A /* PBXTargetDependency */ = {
			isa = PBXTargetDependency;
			name = CordovaLib;
			targetProxy = 301BF550109A68C00062928A /* PBXContainerItemProxy */;
		};
/* End PBXTargetDependency section */

/* Begin XCBuildConfiguration section */
		1D6058940D05DD3E006BFB54 /* Debug */ = {
			isa = XCBuildConfiguration;
			baseConfigurationReference = 3047A50F1AB8059700498E2A /* build-debug.xcconfig */;
			buildSettings = {
				ALWAYS_SEARCH_USER_PATHS = NO;
				ASSETCATALOG_COMPILER_APPICON_NAME = AppIcon;
				ASSETCATALOG_COMPILER_LAUNCHIMAGE_NAME = LaunchImage;
				CLANG_ENABLE_MODULES = YES;
				CLANG_ENABLE_OBJC_ARC = YES;
				COPY_PHASE_STRIP = NO;
				GCC_DYNAMIC_NO_PIC = NO;
				GCC_OPTIMIZATION_LEVEL = 0;
				GCC_PRECOMPILE_PREFIX_HEADER = YES;
				GCC_PREFIX_HEADER = "Closer/Closer-Prefix.pch";
				GCC_THUMB_SUPPORT = NO;
				GCC_VERSION = "";
				INFOPLIST_FILE = "Closer/Closer-Info.plist";
				IPHONEOS_DEPLOYMENT_TARGET = 9.0;
				LD_RUNPATH_SEARCH_PATHS = "@executable_path/Frameworks";
				TARGETED_DEVICE_FAMILY = "1,2";
				PRODUCT_NAME = "Closer";
				FRAMEWORK_SEARCH_PATHS = (
					"$(inherited)",
					"\"Closer/Plugins/cordova-plugin-firebase\"",
					"\"Closer/Plugins/cordova-plugin-firebase\"",
					"\"Closer/Plugins/cordova-plugin-firebase\"",
					"\"Closer/Plugins/cordova-plugin-firebase\"",
					"\"Closer/Plugins/cordova-plugin-firebase\"",
					"\"Closer/Plugins/cordova-plugin-firebase\"",
					"\"Closer/Plugins/cordova-plugin-firebase\"",
					"\"Closer/Plugins/cordova-plugin-firebase\"",
					"\"Closer/Plugins/cordova-plugin-firebase\"",
					"\"Closer/Plugins/cordova-plugin-firebase\"",
					"\"Closer/Plugins/cordova-plugin-firebase\"",
					"\"Closer/Plugins/cordova-plugin-firebase\"",
					"\"Closer/Plugins/cordova-plugin-firebase\"",
					"\"Closer/Plugins/cordova-plugin-firebase\"",
					"\"Closer/Plugins/cordova-plugin-firebase\"",
					"\"Closer/Plugins/cordova-plugin-firebase\"",
					"\"Closer/Plugins/cordova-plugin-firebase\"",
					"\"Closer/Plugins/cordova-plugin-firebase\"",
				);
			};
			name = Debug;
		};
		1D6058950D05DD3E006BFB54 /* Release */ = {
			isa = XCBuildConfiguration;
			baseConfigurationReference = 3047A5101AB8059700498E2A /* build-release.xcconfig */;
			buildSettings = {
				ALWAYS_SEARCH_USER_PATHS = NO;
				ASSETCATALOG_COMPILER_APPICON_NAME = AppIcon;
				ASSETCATALOG_COMPILER_LAUNCHIMAGE_NAME = LaunchImage;
				CLANG_ENABLE_MODULES = YES;
				CLANG_ENABLE_OBJC_ARC = YES;
				COPY_PHASE_STRIP = YES;
				GCC_PRECOMPILE_PREFIX_HEADER = YES;
				GCC_PREFIX_HEADER = "Closer/Closer-Prefix.pch";
				GCC_THUMB_SUPPORT = NO;
				GCC_VERSION = "";
				INFOPLIST_FILE = "Closer/Closer-Info.plist";
				IPHONEOS_DEPLOYMENT_TARGET = 9.0;
				LD_RUNPATH_SEARCH_PATHS = "@executable_path/Frameworks";
				TARGETED_DEVICE_FAMILY = "1,2";
				PRODUCT_NAME = "Closer";
				FRAMEWORK_SEARCH_PATHS = (
					"$(inherited)",
					"\"Closer/Plugins/cordova-plugin-firebase\"",
					"\"Closer/Plugins/cordova-plugin-firebase\"",
					"\"Closer/Plugins/cordova-plugin-firebase\"",
					"\"Closer/Plugins/cordova-plugin-firebase\"",
					"\"Closer/Plugins/cordova-plugin-firebase\"",
					"\"Closer/Plugins/cordova-plugin-firebase\"",
					"\"Closer/Plugins/cordova-plugin-firebase\"",
					"\"Closer/Plugins/cordova-plugin-firebase\"",
					"\"Closer/Plugins/cordova-plugin-firebase\"",
					"\"Closer/Plugins/cordova-plugin-firebase\"",
					"\"Closer/Plugins/cordova-plugin-firebase\"",
					"\"Closer/Plugins/cordova-plugin-firebase\"",
					"\"Closer/Plugins/cordova-plugin-firebase\"",
					"\"Closer/Plugins/cordova-plugin-firebase\"",
					"\"Closer/Plugins/cordova-plugin-firebase\"",
					"\"Closer/Plugins/cordova-plugin-firebase\"",
					"\"Closer/Plugins/cordova-plugin-firebase\"",
					"\"Closer/Plugins/cordova-plugin-firebase\"",
				);
			};
			name = Release;
		};
		C01FCF4F08A954540054247B /* Debug */ = {
			isa = XCBuildConfiguration;
			baseConfigurationReference = 3047A5111AB8059700498E2A /* build.xcconfig */;
			buildSettings = {
				CLANG_ENABLE_MODULES = YES;
				CLANG_ENABLE_OBJC_ARC = YES;
				CLANG_WARN_BOOL_CONVERSION = YES;
				CLANG_WARN_CONSTANT_CONVERSION = YES;
				CLANG_WARN_EMPTY_BODY = YES;
				CLANG_WARN_ENUM_CONVERSION = YES;
				CLANG_WARN_INT_CONVERSION = YES;
				CLANG_WARN__DUPLICATE_METHOD_MATCH = YES;
				GCC_C_LANGUAGE_STANDARD = c99;
				GCC_THUMB_SUPPORT = NO;
				GCC_VERSION = "";
				GCC_WARN_ABOUT_RETURN_TYPE = YES;
				GCC_WARN_UNDECLARED_SELECTOR = YES;
				GCC_WARN_UNINITIALIZED_AUTOS = YES;
				GCC_WARN_UNUSED_FUNCTION = YES;
				GCC_WARN_UNUSED_VARIABLE = YES;
				ONLY_ACTIVE_ARCH = YES;
				SDKROOT = iphoneos;
				SKIP_INSTALL = NO;
				ASSETCATALOG_COMPILER_LAUNCHIMAGE_NAME = LaunchImage;
			};
			name = Debug;
		};
		C01FCF5008A954540054247B /* Release */ = {
			isa = XCBuildConfiguration;
			baseConfigurationReference = 3047A5111AB8059700498E2A /* build.xcconfig */;
			buildSettings = {
				CLANG_ENABLE_MODULES = YES;
				CLANG_ENABLE_OBJC_ARC = YES;
				CLANG_WARN_BOOL_CONVERSION = YES;
				CLANG_WARN_CONSTANT_CONVERSION = YES;
				CLANG_WARN_EMPTY_BODY = YES;
				CLANG_WARN_ENUM_CONVERSION = YES;
				CLANG_WARN_INT_CONVERSION = YES;
				CLANG_WARN__DUPLICATE_METHOD_MATCH = YES;
				GCC_C_LANGUAGE_STANDARD = c99;
				GCC_THUMB_SUPPORT = NO;
				GCC_VERSION = "";
				GCC_WARN_ABOUT_RETURN_TYPE = YES;
				GCC_WARN_UNDECLARED_SELECTOR = YES;
				GCC_WARN_UNINITIALIZED_AUTOS = YES;
				GCC_WARN_UNUSED_FUNCTION = YES;
				GCC_WARN_UNUSED_VARIABLE = YES;
				SDKROOT = iphoneos;
				SKIP_INSTALL = NO;
				ASSETCATALOG_COMPILER_LAUNCHIMAGE_NAME = LaunchImage;
			};
			name = Release;
		};
/* End XCBuildConfiguration section */

/* Begin XCConfigurationList section */
		1D6058960D05DD3E006BFB54 /* Build configuration list for PBXNativeTarget "Closer" */ = {
			isa = XCConfigurationList;
			buildConfigurations = (
				1D6058940D05DD3E006BFB54 /* Debug */,
				1D6058950D05DD3E006BFB54 /* Release */,
			);
			defaultConfigurationIsVisible = 0;
			defaultConfigurationName = Release;
		};
		C01FCF4E08A954540054247B /* Build configuration list for PBXProject "__NON-CLI__" */ = {
			isa = XCConfigurationList;
			buildConfigurations = (
				C01FCF4F08A954540054247B /* Debug */,
				C01FCF5008A954540054247B /* Release */,
			);
			defaultConfigurationIsVisible = 0;
			defaultConfigurationName = Release;
		};
/* End XCConfigurationList section */
	};
	rootObject = 29B97313FDCFA39411CA2CEA /* Project object */;
}
